{
    "name": "图片 视频上传 预览 支持uniCloud上传【简单好上手】",
    "version": "0.1.9",
    "lockfileVersion": 2,
    "requires": true,
    "packages": {
        "": {
            "name": "图片 视频上传 预览 支持uniCloud上传【简单好上手】",
            "version": "0.1.9",
            "dependencies": {
                "dayjs": "^1.11.3"
            }
        },
        "node_modules/dayjs": {
            "version": "1.11.3",
            "resolved": "https://registry.npmmirror.com/dayjs/-/dayjs-1.11.3.tgz",
            "integrity": "sha512-xxwlswWOlGhzgQ4TKzASQkUhqERI3egRNqgV4ScR8wlANA/A9tZ7miXa44vTTKEq5l7vWoL5G57bG3zA+Kow0A=="
        }
    },
    "dependencies": {
        "dayjs": {
            "version": "1.11.3",
            "resolved": "https://registry.npmmirror.com/dayjs/-/dayjs-1.11.3.tgz",
            "integrity": "sha512-xxwlswWOlGhzgQ4TKzASQkUhqERI3egRNqgV4ScR8wlANA/A9tZ7miXa44vTTKEq5l7vWoL5G57bG3zA+Kow0A=="
        }
    }
}
